// !$*UTF8*$!
{
	archiveVersion = 1;
	classes = {
	};
	objectVersion = 50;
	objects = {

/* Begin PBXBuildFile section */
		B36AD438226FAD2C007F5405 /* AppDelegate.swift in Sources */ = {isa = PBXBuildFile; fileRef = B36AD437226FAD2C007F5405 /* AppDelegate.swift */; };
		B36AD43A226FAD2C007F5405 /* ViewController.swift in Sources */ = {isa = PBXBuildFile; fileRef = B36AD439226FAD2C007F5405 /* ViewController.swift */; };
		B36AD43D226FAD2C007F5405 /* Main.storyboard in Resources */ = {isa = PBXBuildFile; fileRef = B36AD43B226FAD2C007F5405 /* Main.storyboard */; };
		B36AD440226FAD2C007F5405 /* familyclock.xcdatamodeld in Sources */ = {isa = PBXBuildFile; fileRef = B36AD43E226FAD2C007F5405 /* familyclock.xcdatamodeld */; };
		B36AD442226FAD31007F5405 /* Assets.xcassets in Resources */ = {isa = PBXBuildFile; fileRef = B36AD441226FAD31007F5405 /* Assets.xcassets */; };
		B36AD445226FAD31007F5405 /* LaunchScreen.storyboard in Resources */ = {isa = PBXBuildFile; fileRef = B36AD443226FAD31007F5405 /* LaunchScreen.storyboard */; };
		B36AD450226FAD32007F5405 /* familyclockTests.swift in Sources */ = {isa = PBXBuildFile; fileRef = B36AD44F226FAD32007F5405 /* familyclockTests.swift */; };
		B36AD45B226FAD32007F5405 /* familyclockUITests.swift in Sources */ = {isa = PBXBuildFile; fileRef = B36AD45A226FAD32007F5405 /* familyclockUITests.swift */; };
/* End PBXBuildFile section */

/* Begin PBXContainerItemProxy section */
		B36AD44C226FAD32007F5405 /* PBXContainerItemProxy */ = {
			isa = PBXContainerItemProxy;
			containerPortal = B36AD42C226FAD2C007F5405 /* Project object */;
			proxyType = 1;
			remoteGlobalIDString = B36AD433226FAD2C007F5405;
			remoteInfo = familyclock;
		};
		B36AD457226FAD32007F5405 /* PBXContainerItemProxy */ = {
			isa = PBXContainerItemProxy;
			containerPortal = B36AD42C226FAD2C007F5405 /* Project object */;
			proxyType = 1;
			remoteGlobalIDString = B36AD433226FAD2C007F5405;
			remoteInfo = familyclock;
		};
/* End PBXContainerItemProxy section */

/* Begin PBXFileReference section */
		B36AD434226FAD2C007F5405 /* familyclock.app */ = {isa = PBXFileReference; explicitFileType = wrapper.application; includeInIndex = 0; path = familyclock.app; sourceTree = BUILT_PRODUCTS_DIR; };
		B36AD437226FAD2C007F5405 /* AppDelegate.swift */ = {isa = PBXFileReference; lastKnownFileType = sourcecode.swift; path = AppDelegate.swift; sourceTree = "<group>"; };
		B36AD439226FAD2C007F5405 /* ViewController.swift */ = {isa = PBXFileReference; lastKnownFileType = sourcecode.swift; path = ViewController.swift; sourceTree = "<group>"; };
		B36AD43C226FAD2C007F5405 /* Base */ = {isa = PBXFileReference; lastKnownFileType = file.storyboard; name = Base; path = Base.lproj/Main.storyboard; sourceTree = "<group>"; };
		B36AD43F226FAD2C007F5405 /* familyclock.xcdatamodel */ = {isa = PBXFileReference; lastKnownFileType = wrapper.xcdatamodel; path = familyclock.xcdatamodel; sourceTree = "<group>"; };
		B36AD441226FAD31007F5405 /* Assets.xcassets */ = {isa = PBXFileReference; lastKnownFileType = folder.assetcatalog; path = Assets.xcassets; sourceTree = "<group>"; };
		B36AD444226FAD31007F5405 /* Base */ = {isa = PBXFileReference; lastKnownFileType = file.storyboard; name = Base; path = Base.lproj/LaunchScreen.storyboard; sourceTree = "<group>"; };
		B36AD446226FAD31007F5405 /* Info.plist */ = {isa = PBXFileReference; lastKnownFileType = text.plist.xml; path = Info.plist; sourceTree = "<group>"; };
		B36AD44B226FAD32007F5405 /* familyclockTests.xctest */ = {isa = PBXFileReference; explicitFileType = wrapper.cfbundle; includeInIndex = 0; path = familyclockTests.xctest; sourceTree = BUILT_PRODUCTS_DIR; };
		B36AD44F226FAD32007F5405 /* familyclockTests.swift */ = {isa = PBXFileReference; lastKnownFileType = sourcecode.swift; path = familyclockTests.swift; sourceTree = "<group>"; };
		B36AD451226FAD32007F5405 /* Info.plist */ = {isa = PBXFileReference; lastKnownFileType = text.plist.xml; path = Info.plist; sourceTree = "<group>"; };
		B36AD456226FAD32007F5405 /* familyclockUITests.xctest */ = {isa = PBXFileReference; explicitFileType = wrapper.cfbundle; includeInIndex = 0; path = familyclockUITests.xctest; sourceTree = BUILT_PRODUCTS_DIR; };
		B36AD45A226FAD32007F5405 /* familyclockUITests.swift */ = {isa = PBXFileReference; lastKnownFileType = sourcecode.swift; path = familyclockUITests.swift; sourceTree = "<group>"; };
		B36AD45C226FAD32007F5405 /* Info.plist */ = {isa = PBXFileReference; lastKnownFileType = text.plist.xml; path = Info.plist; sourceTree = "<group>"; };
/* End PBXFileReference section */

/* Begin PBXFrameworksBuildPhase section */
		B36AD431226FAD2C007F5405 /* Frameworks */ = {
			isa = PBXFrameworksBuildPhase;
			buildActionMask = 2147483647;
			files = (
			);
			runOnlyForDeploymentPostprocessing = 0;
		};
		B36AD448226FAD32007F5405 /* Frameworks */ = {
			isa = PBXFrameworksBuildPhase;
			buildActionMask = 2147483647;
			files = (
			);
			runOnlyForDeploymentPostprocessing = 0;
		};
		B36AD453226FAD32007F5405 /* Frameworks */ = {
			isa = PBXFrameworksBuildPhase;
			buildActionMask = 2147483647;
			files = (
			);
			runOnlyForDeploymentPostprocessing = 0;
		};
/* End PBXFrameworksBuildPhase section */

/* Begin PBXGroup section */
		B36AD42B226FAD2C007F5405 = {
			isa = PBXGroup;
			children = (
				B36AD436226FAD2C007F5405 /* familyclock */,
				B36AD44E226FAD32007F5405 /* familyclockTests */,
				B36AD459226FAD32007F5405 /* familyclockUITests */,
				B36AD435226FAD2C007F5405 /* Products */,
			);
			sourceTree = "<group>";
		};
		B36AD435226FAD2C007F5405 /* Products */ = {
			isa = PBXGroup;
			children = (
				B36AD434226FAD2C007F5405 /* familyclock.app */,
				B36AD44B226FAD32007F5405 /* familyclockTests.xctest */,
				B36AD456226FAD32007F5405 /* familyclockUITests.xctest */,
			);
			name = Products;
			sourceTree = "<group>";
		};
		B36AD436226FAD2C007F5405 /* familyclock */ = {
			isa = PBXGroup;
			children = (
				B36AD437226FAD2C007F5405 /* AppDelegate.swift */,
				B36AD439226FAD2C007F5405 /* ViewController.swift */,
				B36AD43B226FAD2C007F5405 /* Main.storyboard */,
				B36AD441226FAD31007F5405 /* Assets.xcassets */,
				B36AD443226FAD31007F5405 /* LaunchScreen.storyboard */,
				B36AD446226FAD31007F5405 /* Info.plist */,
				B36AD43E226FAD2C007F5405 /* familyclock.xcdatamodeld */,
			);
			path = familyclock;
			sourceTree = "<group>";
		};
		B36AD44E226FAD32007F5405 /* familyclockTests */ = {
			isa = PBXGroup;
			children = (
				B36AD44F226FAD32007F5405 /* familyclockTests.swift */,
				B36AD451226FAD32007F5405 /* Info.plist */,
			);
			path = familyclockTests;
			sourceTree = "<group>";
		};
		B36AD459226FAD32007F5405 /* familyclockUITests */ = {
			isa = PBXGroup;
			children = (
				B36AD45A226FAD32007F5405 /* familyclockUITests.swift */,
				B36AD45C226FAD32007F5405 /* Info.plist */,
			);
			path = familyclockUITests;
			sourceTree = "<group>";
		};
/* End PBXGroup section */

/* Begin PBXNativeTarget section */
		B36AD433226FAD2C007F5405 /* familyclock */ = {
			isa = PBXNativeTarget;
			buildConfigurationList = B36AD45F226FAD32007F5405 /* Build configuration list for PBXNativeTarget "familyclock" */;
			buildPhases = (
				B36AD430226FAD2C007F5405 /* Sources */,
				B36AD431226FAD2C007F5405 /* Frameworks */,
				B36AD432226FAD2C007F5405 /* Resources */,
			);
			buildRules = (
			);
			dependencies = (
			);
			name = familyclock;
			productName = familyclock;
			productReference = B36AD434226FAD2C007F5405 /* familyclock.app */;
			productType = "com.apple.product-type.application";
		};
		B36AD44A226FAD32007F5405 /* familyclockTests */ = {
			isa = PBXNativeTarget;
			buildConfigurationList = B36AD462226FAD32007F5405 /* Build configuration list for PBXNativeTarget "familyclockTests" */;
			buildPhases = (
				B36AD447226FAD32007F5405 /* Sources */,
				B36AD448226FAD32007F5405 /* Frameworks */,
				B36AD449226FAD32007F5405 /* Resources */,
			);
			buildRules = (
			);
			dependencies = (
				B36AD44D226FAD32007F5405 /* PBXTargetDependency */,
			);
			name = familyclockTests;
			productName = familyclockTests;
			productReference = B36AD44B226FAD32007F5405 /* familyclockTests.xctest */;
			productType = "com.apple.product-type.bundle.unit-test";
		};
		B36AD455226FAD32007F5405 /* familyclockUITests */ = {
			isa = PBXNativeTarget;
			buildConfigurationList = B36AD465226FAD32007F5405 /* Build configuration list for PBXNativeTarget "familyclockUITests" */;
			buildPhases = (
				B36AD452226FAD32007F5405 /* Sources */,
				B36AD453226FAD32007F5405 /* Frameworks */,
				B36AD454226FAD32007F5405 /* Resources */,
			);
			buildRules = (
			);
			dependencies = (
				B36AD458226FAD32007F5405 /* PBXTargetDependency */,
			);
			name = familyclockUITests;
			productName = familyclockUITests;
			productReference = B36AD456226FAD32007F5405 /* familyclockUITests.xctest */;
			productType = "com.apple.product-type.bundle.ui-testing";
		};
/* End PBXNativeTarget section */

/* Begin PBXProject section */
		B36AD42C226FAD2C007F5405 /* Project object */ = {
			isa = PBXProject;
			attributes = {
				LastSwiftUpdateCheck = 1010;
				LastUpgradeCheck = 1010;
				ORGANIZATIONNAME = "Alexis Ferrante";
				TargetAttributes = {
					B36AD433226FAD2C007F5405 = {
						CreatedOnToolsVersion = 10.1;
					};
					B36AD44A226FAD32007F5405 = {
						CreatedOnToolsVersion = 10.1;
						TestTargetID = B36AD433226FAD2C007F5405;
					};
					B36AD455226FAD32007F5405 = {
						CreatedOnToolsVersion = 10.1;
						TestTargetID = B36AD433226FAD2C007F5405;
					};
				};
			};
			buildConfigurationList = B36AD42F226FAD2C007F5405 /* Build configuration list for PBXProject "familyclock" */;
			compatibilityVersion = "Xcode 9.3";
			developmentRegion = en;
			hasScannedForEncodings = 0;
			knownRegions = (
				en,
				Base,
			);
			mainGroup = B36AD42B226FAD2C007F5405;
			productRefGroup = B36AD435226FAD2C007F5405 /* Products */;
			projectDirPath = "";
			projectRoot = "";
			targets = (
				B36AD433226FAD2C007F5405 /* familyclock */,
				B36AD44A226FAD32007F5405 /* familyclockTests */,
				B36AD455226FAD32007F5405 /* familyclockUITests */,
			);
		};
/* End PBXProject section */

/* Begin PBXResourcesBuildPhase section */
		B36AD432226FAD2C007F5405 /* Resources */ = {
			isa = PBXResourcesBuildPhase;
			buildActionMask = 2147483647;
			files = (
				B36AD445226FAD31007F5405 /* LaunchScreen.storyboard in Resources */,
				B36AD442226FAD31007F5405 /* Assets.xcassets in Resources */,
				B36AD43D226FAD2C007F5405 /* Main.storyboard in Resources */,
			);
			runOnlyForDeploymentPostprocessing = 0;
		};
		B36AD449226FAD32007F5405 /* Resources */ = {
			isa = PBXResourcesBuildPhase;
			buildActionMask = 2147483647;
			files = (
			);
			runOnlyForDeploymentPostprocessing = 0;
		};
		B36AD454226FAD32007F5405 /* Resources */ = {
			isa = PBXResourcesBuildPhase;
			buildActionMask = 2147483647;
			files = (
			);
			runOnlyForDeploymentPostprocessing = 0;
		};
/* End PBXResourcesBuildPhase section */

/* Begin PBXSourcesBuildPhase section */
		B36AD430226FAD2C007F5405 /* Sources */ = {
			isa = PBXSourcesBuildPhase;
			buildActionMask = 2147483647;
			files = (
				B36AD440226FAD2C007F5405 /* familyclock.xcdatamodeld in Sources */,
				B36AD43A226FAD2C007F5405 /* ViewController.swift in Sources */,
				B36AD438226FAD2C007F5405 /* AppDelegate.swift in Sources */,
			);
			runOnlyForDeploymentPostprocessing = 0;
		};
		B36AD447226FAD32007F5405 /* Sources */ = {
			isa = PBXSourcesBuildPhase;
			buildActionMask = 2147483647;
			files = (
				B36AD450226FAD32007F5405 /* familyclockTests.swift in Sources */,
			);
			runOnlyForDeploymentPostprocessing = 0;
		};
		B36AD452226FAD32007F5405 /* Sources */ = {
			isa = PBXSourcesBuildPhase;
			buildActionMask = 2147483647;
			files = (
				B36AD45B226FAD32007F5405 /* familyclockUITests.swift in Sources */,
			);
			runOnlyForDeploymentPostprocessing = 0;
		};
/* End PBXSourcesBuildPhase section */

/* Begin PBXTargetDependency section */
		B36AD44D226FAD32007F5405 /* PBXTargetDependency */ = {
			isa = PBXTargetDependency;
			target = B36AD433226FAD2C007F5405 /* familyclock */;
			targetProxy = B36AD44C226FAD32007F5405 /* PBXContainerItemProxy */;
		};
		B36AD458226FAD32007F5405 /* PBXTargetDependency */ = {
			isa = PBXTargetDependency;
			target = B36AD433226FAD2C007F5405 /* familyclock */;
			targetProxy = B36AD457226FAD32007F5405 /* PBXContainerItemProxy */;
		};
/* End PBXTargetDependency section */

/* Begin PBXVariantGroup section */
		B36AD43B226FAD2C007F5405 /* Main.storyboard */ = {
			isa = PBXVariantGroup;
			children = (
				B36AD43C226FAD2C007F5405 /* Base */,
			);
			name = Main.storyboard;
			sourceTree = "<group>";
		};
		B36AD443226FAD31007F5405 /* LaunchScreen.storyboard */ = {
			isa = PBXVariantGroup;
			children = (
				B36AD444226FAD31007F5405 /* Base */,
			);
			name = LaunchScreen.storyboard;
			sourceTree = "<group>";
		};
/* End PBXVariantGroup section */

/* Begin XCBuildConfiguration section */
		B36AD45D226FAD32007F5405 /* Debug */ = {
			isa = XCBuildConfiguration;
			buildSettings = {
				ALWAYS_SEARCH_USER_PATHS = NO;
				CLANG_ANALYZER_NONNULL = YES;
				CLANG_ANALYZER_NUMBER_OBJECT_CONVERSION = YES_AGGRESSIVE;
				CLANG_CXX_LANGUAGE_STANDARD = "gnu++14";
				CLANG_CXX_LIBRARY = "libc++";
				CLANG_ENABLE_MODULES = YES;
				CLANG_ENABLE_OBJC_ARC = YES;
				CLANG_ENABLE_OBJC_WEAK = YES;
				CLANG_WARN_BLOCK_CAPTURE_AUTORELEASING = YES;
				CLANG_WARN_BOOL_CONVERSION = YES;
				CLANG_WARN_COMMA = YES;
				CLANG_WARN_CONSTANT_CONVERSION = YES;
				CLANG_WARN_DEPRECATED_OBJC_IMPLEMENTATIONS = YES;
				CLANG_WARN_DIRECT_OBJC_ISA_USAGE = YES_ERROR;
				CLANG_WARN_DOCUMENTATION_COMMENTS = YES;
				CLANG_WARN_EMPTY_BODY = YES;
				CLANG_WARN_ENUM_CONVERSION = YES;
				CLANG_WARN_INFINITE_RECURSION = YES;
				CLANG_WARN_INT_CONVERSION = YES;
				CLANG_WARN_NON_LITERAL_NULL_CONVERSION = YES;
				CLANG_WARN_OBJC_IMPLICIT_RETAIN_SELF = YES;
				CLANG_WARN_OBJC_LITERAL_CONVERSION = YES;
				CLANG_WARN_OBJC_ROOT_CLASS = YES_ERROR;
				CLANG_WARN_RANGE_LOOP_ANALYSIS = YES;
				CLANG_WARN_STRICT_PROTOTYPES = YES;
				CLANG_WARN_SUSPICIOUS_MOVE = YES;
				CLANG_WARN_UNGUARDED_AVAILABILITY = YES_AGGRESSIVE;
				CLANG_WARN_UNREACHABLE_CODE = YES;
				CLANG_WARN__DUPLICATE_METHOD_MATCH = YES;
				CODE_SIGN_IDENTITY = "iPhone Developer";
				COPY_PHASE_STRIP = NO;
				DEBUG_INFORMATION_FORMAT = dwarf;
				ENABLE_STRICT_OBJC_MSGSEND = YES;
				ENABLE_TESTABILITY = YES;
				GCC_C_LANGUAGE_STANDARD = gnu11;
				GCC_DYNAMIC_NO_PIC = NO;
				GCC_NO_COMMON_BLOCKS = YES;
				GCC_OPTIMIZATION_LEVEL = 0;
				GCC_PREPROCESSOR_DEFINITIONS = (
					"DEBUG=1",
					"$(inherited)",
				);
				GCC_WARN_64_TO_32_BIT_CONVERSION = YES;
				GCC_WARN_ABOUT_RETURN_TYPE = YES_ERROR;
				GCC_WARN_UNDECLARED_SELECTOR = YES;
				GCC_WARN_UNINITIALIZED_AUTOS = YES_AGGRESSIVE;
				GCC_WARN_UNUSED_FUNCTION = YES;
				GCC_WARN_UNUSED_VARIABLE = YES;
				IPHONEOS_DEPLOYMENT_TARGET = 12.1;
				MTL_ENABLE_DEBUG_INFO = INCLUDE_SOURCE;
				MTL_FAST_MATH = YES;
				ONLY_ACTIVE_ARCH = YES;
				SDKROOT = iphoneos;
				SWIFT_ACTIVE_COMPILATION_CONDITIONS = DEBUG;
				SWIFT_OPTIMIZATION_LEVEL = "-Onone";
			};
			name = Debug;
		};
		B36AD45E226FAD32007F5405 /* Release */ = {
			isa = XCBuildConfiguration;
			buildSettings = {
				ALWAYS_SEARCH_USER_PATHS = NO;
				CLANG_ANALYZER_NONNULL = YES;
				CLANG_ANALYZER_NUMBER_OBJECT_CONVERSION = YES_AGGRESSIVE;
				CLANG_CXX_LANGUAGE_STANDARD = "gnu++14";
				CLANG_CXX_LIBRARY = "libc++";
				CLANG_ENABLE_MODULES = YES;
				CLANG_ENABLE_OBJC_ARC = YES;
				CLANG_ENABLE_OBJC_WEAK = YES;
				CLANG_WARN_BLOCK_CAPTURE_AUTORELEASING = YES;
				CLANG_WARN_BOOL_CONVERSION = YES;
				CLANG_WARN_COMMA = YES;
				CLANG_WARN_CONSTANT_CONVERSION = YES;
				CLANG_WARN_DEPRECATED_OBJC_IMPLEMENTATIONS = YES;
				CLANG_WARN_DIRECT_OBJC_ISA_USAGE = YES_ERROR;
				CLANG_WARN_DOCUMENTATION_COMMENTS = YES;
				CLANG_WARN_EMPTY_BODY = YES;
				CLANG_WARN_ENUM_CONVERSION = YES;
				CLANG_WARN_INFINITE_RECURSION = YES;
				CLANG_WARN_INT_CONVERSION = YES;
				CLANG_WARN_NON_LITERAL_NULL_CONVERSION = YES;
				CLANG_WARN_OBJC_IMPLICIT_RETAIN_SELF = YES;
				CLANG_WARN_OBJC_LITERAL_CONVERSION = YES;
				CLANG_WARN_OBJC_ROOT_CLASS = YES_ERROR;
				CLANG_WARN_RANGE_LOOP_ANALYSIS = YES;
				CLANG_WARN_STRICT_PROTOTYPES = YES;
				CLANG_WARN_SUSPICIOUS_MOVE = YES;
				CLANG_WARN_UNGUARDED_AVAILABILITY = YES_AGGRESSIVE;
				CLANG_WARN_UNREACHABLE_CODE = YES;
				CLANG_WARN__DUPLICATE_METHOD_MATCH = YES;
				CODE_SIGN_IDENTITY = "iPhone Developer";
				COPY_PHASE_STRIP = NO;
				DEBUG_INFORMATION_FORMAT = "dwarf-with-dsym";
				ENABLE_NS_ASSERTIONS = NO;
				ENABLE_STRICT_OBJC_MSGSEND = YES;
				GCC_C_LANGUAGE_STANDARD = gnu11;
				GCC_NO_COMMON_BLOCKS = YES;
				GCC_WARN_64_TO_32_BIT_CONVERSION = YES;
				GCC_WARN_ABOUT_RETURN_TYPE = YES_ERROR;
				GCC_WARN_UNDECLARED_SELECTOR = YES;
				GCC_WARN_UNINITIALIZED_AUTOS = YES_AGGRESSIVE;
				GCC_WARN_UNUSED_FUNCTION = YES;
				GCC_WARN_UNUSED_VARIABLE = YES;
				IPHONEOS_DEPLOYMENT_TARGET = 12.1;
				MTL_ENABLE_DEBUG_INFO = NO;
				MTL_FAST_MATH = YES;
				SDKROOT = iphoneos;
				SWIFT_COMPILATION_MODE = wholemodule;
				SWIFT_OPTIMIZATION_LEVEL = "-O";
				VALIDATE_PRODUCT = YES;
			};
			name = Release;
		};
		B36AD460226FAD32007F5405 /* Debug */ = {
			isa = XCBuildConfiguration;
			buildSettings = {
				ASSETCATALOG_COMPILER_APPICON_NAME = AppIcon;
				CODE_SIGN_STYLE = Automatic;
				INFOPLIST_FILE = familyclock/Info.plist;
				LD_RUNPATH_SEARCH_PATHS = (
					"$(inherited)",
					"@executable_path/Frameworks",
				);
				PRODUCT_BUNDLE_IDENTIFIER = alexis22.familyclock;
				PRODUCT_NAME = "$(TARGET_NAME)";
				SWIFT_VERSION = 4.2;
				TARGETED_DEVICE_FAMILY = "1,2";
			};
			name = Debug;
		};
		B36AD461226FAD32007F5405 /* Release */ = {
			isa = XCBuildConfiguration;
			buildSettings = {
				ASSETCATALOG_COMPILER_APPICON_NAME = AppIcon;
				CODE_SIGN_STYLE = Automatic;
				INFOPLIST_FILE = familyclock/Info.plist;
				LD_RUNPATH_SEARCH_PATHS = (
					"$(inherited)",
					"@executable_path/Frameworks",
				);
				PRODUCT_BUNDLE_IDENTIFIER = alexis22.familyclock;
				PRODUCT_NAME = "$(TARGET_NAME)";
				SWIFT_VERSION = 4.2;
				TARGETED_DEVICE_FAMILY = "1,2";
			};
			name = Release;
		};
		B36AD463226FAD32007F5405 /* Debug */ = {
			isa = XCBuildConfiguration;
			buildSettings = {
				ALWAYS_EMBED_SWIFT_STANDARD_LIBRARIES = YES;
				BUNDLE_LOADER = "$(TEST_HOST)";
				CODE_SIGN_STYLE = Automatic;
				INFOPLIST_FILE = familyclockTests/Info.plist;
				LD_RUNPATH_SEARCH_PATHS = (
					"$(inherited)",
					"@executable_path/Frameworks",
					"@loader_path/Frameworks",
				);
				PRODUCT_BUNDLE_IDENTIFIER = alexis22.familyclockTests;
				PRODUCT_NAME = "$(TARGET_NAME)";
				SWIFT_VERSION = 4.2;
				TARGETED_DEVICE_FAMILY = "1,2";
				TEST_HOST = "$(BUILT_PRODUCTS_DIR)/familyclock.app/familyclock";
			};
			name = Debug;
		};
		B36AD464226FAD32007F5405 /* Release */ = {
			isa = XCBuildConfiguration;
			buildSettings = {
				ALWAYS_EMBED_SWIFT_STANDARD_LIBRARIES = YES;
				BUNDLE_LOADER = "$(TEST_HOST)";
				CODE_SIGN_STYLE = Automatic;
				INFOPLIST_FILE = familyclockTests/Info.plist;
				LD_RUNPATH_SEARCH_PATHS = (
					"$(inherited)",
					"@executable_path/Frameworks",
					"@loader_path/Frameworks",
				);
				PRODUCT_BUNDLE_IDENTIFIER = alexis22.familyclockTests;
				PRODUCT_NAME = "$(TARGET_NAME)";
				SWIFT_VERSION = 4.2;
				TARGETED_DEVICE_FAMILY = "1,2";
				TEST_HOST = "$(BUILT_PRODUCTS_DIR)/familyclock.app/familyclock";
			};
			name = Release;
		};
		B36AD466226FAD32007F5405 /* Debug */ = {
			isa = XCBuildConfiguration;
			buildSettings = {
				ALWAYS_EMBED_SWIFT_STANDARD_LIBRARIES = YES;
				CODE_SIGN_STYLE = Automatic;
				INFOPLIST_FILE = familyclockUITests/Info.plist;
				LD_RUNPATH_SEARCH_PATHS = (
					"$(inherited)",
					"@executable_path/Frameworks",
					"@loader_path/Frameworks",
				);
				PRODUCT_BUNDLE_IDENTIFIER = alexis22.familyclockUITests;
				PRODUCT_NAME = "$(TARGET_NAME)";
				SWIFT_VERSION = 4.2;
				TARGETED_DEVICE_FAMILY = "1,2";
				TEST_TARGET_NAME = familyclock;
			};
			name = Debug;
		};
		B36AD467226FAD32007F5405 /* Release */ = {
			isa = XCBuildConfiguration;
			buildSettings = {
				ALWAYS_EMBED_SWIFT_STANDARD_LIBRARIES = YES;
				CODE_SIGN_STYLE = Automatic;
				INFOPLIST_FILE = familyclockUITests/Info.plist;
				LD_RUNPATH_SEARCH_PATHS = (
					"$(inherited)",
					"@executable_path/Frameworks",
					"@loader_path/Frameworks",
				);
				PRODUCT_BUNDLE_IDENTIFIER = alexis22.familyclockUITests;
				PRODUCT_NAME = "$(TARGET_NAME)";
				SWIFT_VERSION = 4.2;
				TARGETED_DEVICE_FAMILY = "1,2";
				TEST_TARGET_NAME = familyclock;
			};
			name = Release;
		};
/* End XCBuildConfiguration section */

/* Begin XCConfigurationList section */
		B36AD42F226FAD2C007F5405 /* Build configuration list for PBXProject "familyclock" */ = {
			isa = XCConfigurationList;
			buildConfigurations = (
				B36AD45D226FAD32007F5405 /* Debug */,
				B36AD45E226FAD32007F5405 /* Release */,
			);
			defaultConfigurationIsVisible = 0;
			defaultConfigurationName = Release;
		};
		B36AD45F226FAD32007F5405 /* Build configuration list for PBXNativeTarget "familyclock" */ = {
			isa = XCConfigurationList;
			buildConfigurations = (
				B36AD460226FAD32007F5405 /* Debug */,
				B36AD461226FAD32007F5405 /* Release */,
			);
			defaultConfigurationIsVisible = 0;
			defaultConfigurationName = Release;
		};
		B36AD462226FAD32007F5405 /* Build configuration list for PBXNativeTarget "familyclockTests" */ = {
			isa = XCConfigurationList;
			buildConfigurations = (
				B36AD463226FAD32007F5405 /* Debug */,
				B36AD464226FAD32007F5405 /* Release */,
			);
			defaultConfigurationIsVisible = 0;
			defaultConfigurationName = Release;
		};
		B36AD465226FAD32007F5405 /* Build configuration list for PBXNativeTarget "familyclockUITests" */ = {
			isa = XCConfigurationList;
			buildConfigurations = (
				B36AD466226FAD32007F5405 /* Debug */,
				B36AD467226FAD32007F5405 /* Release */,
			);
			defaultConfigurationIsVisible = 0;
			defaultConfigurationName = Release;
		};
/* End XCConfigurationList section */

/* Begin XCVersionGroup section */
		B36AD43E226FAD2C007F5405 /* familyclock.xcdatamodeld */ = {
			isa = XCVersionGroup;
			children = (
				B36AD43F226FAD2C007F5405 /* familyclock.xcdatamodel */,
			);
			currentVersion = B36AD43F226FAD2C007F5405 /* familyclock.xcdatamodel */;
			path = familyclock.xcdatamodeld;
			sourceTree = "<group>";
			versionGroupType = wrapper.xcdatamodel;
		};
/* End XCVersionGroup section */
	};
	rootObject = B36AD42C226FAD2C007F5405 /* Project object */;
}
